
Microsoft Visual Studio Solution File, Format Version 12.00
# Visual Studio 14
VisualStudioVersion = 14.0.25420.1
MinimumVisualStudioVersion = 10.0.40219.1
Project("{FAE04EC0-301F-11D3-BF4B-00C04F79EFBC}") = "Proj2", "Proj2\Proj2.csproj", "{C06F2531-4F3E-4179-A731-DD069706ACD4}"
EndProject
Project("{FAE04EC0-301F-11D3-BF4B-00C04F79EFBC}") = "Database", "Database\Database.csproj", "{CEA8563C-4759-4237-B170-E355F7D41AE1}"
EndProject
Project("{FAE04EC0-301F-11D3-BF4B-00C04F79EFBC}") = "WCFDataBaseMacService", "WCFDataBaseMacService\WCFDataBaseMacService.csproj", "{65316553-5DA4-494A-B415-FBA597021C1E}"
EndProject
Project("{FAE04EC0-301F-11D3-BF4B-00C04F79EFBC}") = "Test", "Test\Test.csproj", "{0BFB5872-83A0-492F-B37A-CBBD3851166D}"
EndProject
Project("{FAE04EC0-301F-11D3-BF4B-00C04F79EFBC}") = "DataTemplates", "DataBaseWcfData\DataTemplates.csproj", "{D03C4F8B-5F8A-4ABD-842A-7B7FC39942D9}"
EndProject
Project("{FAE04EC0-301F-11D3-BF4B-00C04F79EFBC}") = "WCFDataBaseMacServiceTests", "WCFDataBaseMacServiceTests\WCFDataBaseMacServiceTests.csproj", "{E764EC9C-6DA2-47AD-9F12-7108E67906BB}"
EndProject
Global
	GlobalSection(SolutionConfigurationPlatforms) = preSolution
		Debug|Any CPU = Debug|Any CPU
		Release|Any CPU = Release|Any CPU
	EndGlobalSection
	GlobalSection(ProjectConfigurationPlatforms) = postSolution
		{C06F2531-4F3E-4179-A731-DD069706ACD4}.Debug|Any CPU.ActiveCfg = Debug|Any CPU
		{C06F2531-4F3E-4179-A731-DD069706ACD4}.Debug|Any CPU.Build.0 = Debug|Any CPU
		{C06F2531-4F3E-4179-A731-DD069706ACD4}.Release|Any CPU.ActiveCfg = Release|Any CPU
		{C06F2531-4F3E-4179-A731-DD069706ACD4}.Release|Any CPU.Build.0 = Release|Any CPU
		{CEA8563C-4759-4237-B170-E355F7D41AE1}.Debug|Any CPU.ActiveCfg = Debug|Any CPU
		{CEA8563C-4759-4237-B170-E355F7D41AE1}.Debug|Any CPU.Build.0 = Debug|Any CPU
		{CEA8563C-4759-4237-B170-E355F7D41AE1}.Release|Any CPU.ActiveCfg = Release|Any CPU
		{CEA8563C-4759-4237-B170-E355F7D41AE1}.Release|Any CPU.Build.0 = Release|Any CPU
		{65316553-5DA4-494A-B415-FBA597021C1E}.Debug|Any CPU.ActiveCfg = Debug|Any CPU
		{65316553-5DA4-494A-B415-FBA597021C1E}.Debug|Any CPU.Build.0 = Debug|Any CPU
		{65316553-5DA4-494A-B415-FBA597021C1E}.Release|Any CPU.ActiveCfg = Release|Any CPU
		{65316553-5DA4-494A-B415-FBA597021C1E}.Release|Any CPU.Build.0 = Release|Any CPU
		{0BFB5872-83A0-492F-B37A-CBBD3851166D}.Debug|Any CPU.ActiveCfg = Debug|Any CPU
		{0BFB5872-83A0-492F-B37A-CBBD3851166D}.Debug|Any CPU.Build.0 = Debug|Any CPU
		{0BFB5872-83A0-492F-B37A-CBBD3851166D}.Release|Any CPU.ActiveCfg = Release|Any CPU
		{0BFB5872-83A0-492F-B37A-CBBD3851166D}.Release|Any CPU.Build.0 = Release|Any CPU
		{D03C4F8B-5F8A-4ABD-842A-7B7FC39942D9}.Debug|Any CPU.ActiveCfg = Debug|Any CPU
		{D03C4F8B-5F8A-4ABD-842A-7B7FC39942D9}.Debug|Any CPU.Build.0 = Debug|Any CPU
		{D03C4F8B-5F8A-4ABD-842A-7B7FC39942D9}.Release|Any CPU.ActiveCfg = Release|Any CPU
		{D03C4F8B-5F8A-4ABD-842A-7B7FC39942D9}.Release|Any CPU.Build.0 = Release|Any CPU
		{E764EC9C-6DA2-47AD-9F12-7108E67906BB}.Debug|Any CPU.ActiveCfg = Debug|Any CPU
		{E764EC9C-6DA2-47AD-9F12-7108E67906BB}.Debug|Any CPU.Build.0 = Debug|Any CPU
		{E764EC9C-6DA2-47AD-9F12-7108E67906BB}.Release|Any CPU.ActiveCfg = Release|Any CPU
		{E764EC9C-6DA2-47AD-9F12-7108E67906BB}.Release|Any CPU.Build.0 = Release|Any CPU
	EndGlobalSection
	GlobalSection(SolutionProperties) = preSolution
		HideSolutionNode = FALSE
	EndGlobalSection
	GlobalSection(ExtensibilityGlobals) = postSolution
		SolutionGuid = {BCDEE145-3D07-4CD2-9FBF-B9698C802686}
	EndGlobalSection
EndGlobal
